
Microsoft Visual Studio Solution File, Format Version 12.00
# Visual Studio Version 17
VisualStudioVersion = 17.0.31919.166
MinimumVisualStudioVersion = 10.0.40219.1
Project("{FAE04EC0-301F-11D3-BF4B-00C04F79EFBC}") = "YZL3161BlogProject", "YZL3161BlogProject\YZL3161BlogProject.csproj", "{18D64C66-1D8A-40F0-927C-10E9E827B7B9}"
EndProject
Global
	GlobalSection(SolutionConfigurationPlatforms) = preSolution
		Debug|Any CPU = Debug|Any CPU
		Release|Any CPU = Release|Any CPU
	EndGlobalSection
	GlobalSection(ProjectConfigurationPlatforms) = postSolution
		{18D64C66-1D8A-40F0-927C-10E9E827B7B9}.Debug|Any CPU.ActiveCfg = Debug|Any CPU
		{18D64C66-1D8A-40F0-927C-10E9E827B7B9}.Debug|Any CPU.Build.0 = Debug|Any CPU
		{18D64C66-1D8A-40F0-927C-10E9E827B7B9}.Release|Any CPU.ActiveCfg = Release|Any CPU
		{18D64C66-1D8A-40F0-927C-10E9E827B7B9}.Release|Any CPU.Build.0 = Release|Any CPU
	EndGlobalSection
	GlobalSection(SolutionProperties) = preSolution
		HideSolutionNode = FALSE
	EndGlobalSection
	GlobalSection(ExtensibilityGlobals) = postSolution
		SolutionGuid = {73B01852-1EBC-4620-A52B-3B8342FB9651}
	EndGlobalSection
EndGlobal
